PODS:
  - Flutter (1.0.0)
  - flutter_live_notification (0.0.1):
    - Flutter
  - HMSAnalyticsSDK (0.0.2)
  - HMSBroadcastExtensionSDK (0.0.9)
  - HMSHLSPlayerSDK (0.0.2):
    - HMSAnalyticsSDK (= 0.0.2)
  - HMSNoiseCancellationModels (1.0.0)
  - HMSSDK (1.16.1):
    - HMSAnalyticsSDK (= 0.0.2)
    - HMSWebRTC (= 1.0.6171)
  - hmssdk_flutter (1.10.6):
    - Flutter
    - HMSBroadcastExtensionSDK (= 0.0.9)
    - HMSHLSPlayerSDK (= 0.0.2)
    - HMSNoiseCancellationModels (= 1.0.0)
    - HMSSDK (= 1.16.1)
  - HMSWebRTC (1.0.6171)
  - integration_test (0.0.1):
    - Flutter

DEPENDENCIES:
  - Flutter (from `Flutter`)
  - flutter_live_notification (from `.symlinks/plugins/flutter_live_notification/ios`)
  - hmssdk_flutter (from `.symlinks/plugins/hmssdk_flutter/ios`)
  - integration_test (from `.symlinks/plugins/integration_test/ios`)

SPEC REPOS:
  trunk:
    - HMSAnalyticsSDK
    - HMSBroadcastExtensionSDK
    - HMSHLSPlayerSDK
    - HMSNoiseCancellationModels
    - HMSSDK
    - HMSWebRTC

EXTERNAL SOURCES:
  Flutter:
    :path: Flutter
  flutter_live_notification:
    :path: ".symlinks/plugins/flutter_live_notification/ios"
  hmssdk_flutter:
    :path: ".symlinks/plugins/hmssdk_flutter/ios"
  integration_test:
    :path: ".symlinks/plugins/integration_test/ios"

SPEC CHECKSUMS:
  Flutter: e0871f40cf51350855a761d2e70bf5af5b9b5de7
  flutter_live_notification: 4525e703ae188b530a29469f3cf214df7032326b
  HMSAnalyticsSDK: 4d2a88a729b1eb42f3d25f217c28937ec318a5b7
  HMSBroadcastExtensionSDK: d80fe325f6c928bd8e5176290b5a4b7ae15d6fbb
  HMSHLSPlayerSDK: 6a54ad4d12f3dc2270d1ecd24019d71282a4f6a3
  HMSNoiseCancellationModels: a3bda1405a16015632f4bcabd46ce48f35103b02
  HMSSDK: 31e779fbf9c95335d88475a7f9f42fb077692e30
  hmssdk_flutter: da118bf9558b0556b609cdc14540dca5514291ac
  HMSWebRTC: f6f4f02a665fda6d9d8a5b223272045c3d9486fb
  integration_test: 252f60fa39af5e17c3aa9899d35d908a0721b573

PODFILE CHECKSUM: fd10430bbbbe0d32705d39297f250dfc033d998e

COCOAPODS: 1.15.2
